
Microsoft Visual Studio Solution File, Format Version 12.00
# Visual Studio Version 16
VisualStudioVersion = 16.0.30204.135
MinimumVisualStudioVersion = 10.0.40219.1
Project("{9A19103F-16F7-4668-BE54-9A1E7A4F7556}") = "Voss", "test\Voss.csproj", "{5C0A35D3-65EA-45F3-A800-15DE2E3EE037}"
EndProject
Global
	GlobalSection(SolutionConfigurationPlatforms) = preSolution
		Debug|Any CPU = Debug|Any CPU
		Release|Any CPU = Release|Any CPU
	EndGlobalSection
	GlobalSection(ProjectConfigurationPlatforms) = postSolution
		{5C0A35D3-65EA-45F3-A800-15DE2E3EE037}.Debug|Any CPU.ActiveCfg = Debug|Any CPU
		{5C0A35D3-65EA-45F3-A800-15DE2E3EE037}.Debug|Any CPU.Build.0 = Debug|Any CPU
		{5C0A35D3-65EA-45F3-A800-15DE2E3EE037}.Release|Any CPU.ActiveCfg = Release|Any CPU
		{5C0A35D3-65EA-45F3-A800-15DE2E3EE037}.Release|Any CPU.Build.0 = Release|Any CPU
	EndGlobalSection
	GlobalSection(SolutionProperties) = preSolution
		HideSolutionNode = FALSE
	EndGlobalSection
	GlobalSection(ExtensibilityGlobals) = postSolution
		SolutionGuid = {C41B25F1-62A3-4715-87A9-59BF36359A9D}
	EndGlobalSection
EndGlobal
